# This file is autogenerated, do not edit; changes may be undone by the next 'dep ensure'.


[[projects]]
  name = "github.com/aymerick/raymond"
  packages = [".","ast","lexer","parser"]
  revision = "a2232af10b53ef1ae5a767f5178db3a6c1dab655"
  version = "v2.0.1"

[[projects]]
  name = "github.com/coreos/go-semver"
  packages = ["semver"]
  revision = "8ab6407b697782a06568d4b7f1db25550ec2e4c6"
  version = "v0.2.0"

[[projects]]
  name = "github.com/pkg/errors"
  packages = ["."]
  revision = "645ef00459ed84a119197bfb8d8205042c6df63d"
  version = "v0.8.0"

[[projects]]
  branch = "master"
  name = "github.com/urfave/cli"
  packages = ["."]
  revision = "75104e932ac2ddb944a6ea19d9f9f26316ff1145"

[solve-meta]
  analyzer-name = "dep"
  analyzer-version = 1
  inputs-digest = "a89f1c3cf068c93fd8bf83840a119df2915c502193ca71a2b5ae4b6a6cfa4d70"
  solver-name = "gps-cdcl"
  solver-version = 1
