# This file is autogenerated, do not edit; changes may be undone by the next 'dep ensure'.


[[projects]]
  name = "github.com/aymerick/raymond"
  packages = [
    ".",
    "ast",
    "lexer",
    "parser"
  ]
  revision = "2eebd0f5dd9564c0c6e439df11d8a3c7b9b9ab11"
  version = "v2.0.2"

[[projects]]
  name = "github.com/coreos/go-semver"
  packages = ["semver"]
  revision = "8ab6407b697782a06568d4b7f1db25550ec2e4c6"
  version = "v0.2.0"

[[projects]]
  branch = "master"
  name = "github.com/drone/drone-template-lib"
  packages = ["template"]
  revision = "5748d3149f4859c6d6cf43edb4fa35bba379c918"

[[projects]]
  name = "github.com/pkg/errors"
  packages = ["."]
  revision = "645ef00459ed84a119197bfb8d8205042c6df63d"
  version = "v0.8.0"

[[projects]]
  branch = "master"
  name = "github.com/urfave/cli"
  packages = ["."]
  revision = "8e01ec4cd3e2d84ab2fe90d8210528ffbb06d8ff"

[solve-meta]
  analyzer-name = "dep"
  analyzer-version = 1
  inputs-digest = "0fe5369d1efd31b54aea7d9c97316da432b06cf9a01e0a0c4a46ec4a5f148446"
  solver-name = "gps-cdcl"
  solver-version = 1
